
Microsoft Visual Studio Solution File, Format Version 12.00
# Visual Studio Version 17
VisualStudioVersion = 17.5.002.0
MinimumVisualStudioVersion = 10.0.40219.1
Project("{9A19103F-16F7-4668-BE54-9A1E7A4F7556}") = "Bakery", "Bakery.csproj", "{257620A8-C989-4FC7-AF66-AB3FFB8DD043}"
EndProject
Global
	GlobalSection(SolutionConfigurationPlatforms) = preSolution
		Debug|Any CPU = Debug|Any CPU
		Release|Any CPU = Release|Any CPU
	EndGlobalSection
	GlobalSection(ProjectConfigurationPlatforms) = postSolution
		{257620A8-C989-4FC7-AF66-AB3FFB8DD043}.Debug|Any CPU.ActiveCfg = Debug|Any CPU
		{257620A8-C989-4FC7-AF66-AB3FFB8DD043}.Debug|Any CPU.Build.0 = Debug|Any CPU
		{257620A8-C989-4FC7-AF66-AB3FFB8DD043}.Release|Any CPU.ActiveCfg = Release|Any CPU
		{257620A8-C989-4FC7-AF66-AB3FFB8DD043}.Release|Any CPU.Build.0 = Release|Any CPU
	EndGlobalSection
	GlobalSection(SolutionProperties) = preSolution
		HideSolutionNode = FALSE
	EndGlobalSection
	GlobalSection(ExtensibilityGlobals) = postSolution
		SolutionGuid = {4AD9CEEC-680F-4723-BC22-0B3A27415FD6}
	EndGlobalSection
EndGlobal
